
Microsoft Visual Studio Solution File, Format Version 12.00
# Visual Studio Version 17
VisualStudioVersion = 17.4.33110.190
MinimumVisualStudioVersion = 10.0.40219.1
Project("{FAE04EC0-301F-11D3-BF4B-00C04F79EFBC}") = "taskcsharp22 11 2022", "taskcsharp22 11 2022\taskcsharp22 11 2022.csproj", "{6881BF08-D183-4C2B-945D-F4605FC53C4D}"
EndProject
Global
	GlobalSection(SolutionConfigurationPlatforms) = preSolution
		Debug|Any CPU = Debug|Any CPU
		Release|Any CPU = Release|Any CPU
	EndGlobalSection
	GlobalSection(ProjectConfigurationPlatforms) = postSolution
		{6881BF08-D183-4C2B-945D-F4605FC53C4D}.Debug|Any CPU.ActiveCfg = Debug|Any CPU
		{6881BF08-D183-4C2B-945D-F4605FC53C4D}.Debug|Any CPU.Build.0 = Debug|Any CPU
		{6881BF08-D183-4C2B-945D-F4605FC53C4D}.Release|Any CPU.ActiveCfg = Release|Any CPU
		{6881BF08-D183-4C2B-945D-F4605FC53C4D}.Release|Any CPU.Build.0 = Release|Any CPU
	EndGlobalSection
	GlobalSection(SolutionProperties) = preSolution
		HideSolutionNode = FALSE
	EndGlobalSection
	GlobalSection(ExtensibilityGlobals) = postSolution
		SolutionGuid = {9F84CE6D-4E7C-433A-AA3C-0F879FF9DFBF}
	EndGlobalSection
EndGlobal
